
Microsoft Visual Studio Solution File, Format Version 12.00
# Visual Studio Version 17
VisualStudioVersion = 17.5.33414.496
MinimumVisualStudioVersion = 10.0.40219.1
Project("{9A19103F-16F7-4668-BE54-9A1E7A4F7556}") = "Pty.NET", "Pty.Net\Pty.NET.csproj", "{EA6AB44D-7A75-4BE9-BF95-A74F64C2C58E}"
EndProject
Project("{9A19103F-16F7-4668-BE54-9A1E7A4F7556}") = "Pty.NET.Linux.Tests", "Pty.NET.Linux.Tests\Pty.NET.Linux.Tests.csproj", "{754658E9-246D-4D57-94F5-23D391552045}"
EndProject
Project("{9A19103F-16F7-4668-BE54-9A1E7A4F7556}") = "Pty.NET.TcpListener.Linux.Server", "Pty.NET.TcpListener.Linux.Server\Pty.NET.TcpListener.Linux.Server.csproj", "{BD13C54B-762E-454D-A9C3-735318643FFD}"
EndProject
Global
	GlobalSection(SolutionConfigurationPlatforms) = preSolution
		Debug|Any CPU = Debug|Any CPU
		Release|Any CPU = Release|Any CPU
	EndGlobalSection
	GlobalSection(ProjectConfigurationPlatforms) = postSolution
		{EA6AB44D-7A75-4BE9-BF95-A74F64C2C58E}.Debug|Any CPU.ActiveCfg = Debug|Any CPU
		{EA6AB44D-7A75-4BE9-BF95-A74F64C2C58E}.Debug|Any CPU.Build.0 = Debug|Any CPU
		{EA6AB44D-7A75-4BE9-BF95-A74F64C2C58E}.Release|Any CPU.ActiveCfg = Release|Any CPU
		{EA6AB44D-7A75-4BE9-BF95-A74F64C2C58E}.Release|Any CPU.Build.0 = Release|Any CPU
		{754658E9-246D-4D57-94F5-23D391552045}.Debug|Any CPU.ActiveCfg = Debug|Any CPU
		{754658E9-246D-4D57-94F5-23D391552045}.Debug|Any CPU.Build.0 = Debug|Any CPU
		{754658E9-246D-4D57-94F5-23D391552045}.Release|Any CPU.ActiveCfg = Release|Any CPU
		{754658E9-246D-4D57-94F5-23D391552045}.Release|Any CPU.Build.0 = Release|Any CPU
		{BD13C54B-762E-454D-A9C3-735318643FFD}.Debug|Any CPU.ActiveCfg = Debug|Any CPU
		{BD13C54B-762E-454D-A9C3-735318643FFD}.Debug|Any CPU.Build.0 = Debug|Any CPU
		{BD13C54B-762E-454D-A9C3-735318643FFD}.Release|Any CPU.ActiveCfg = Release|Any CPU
		{BD13C54B-762E-454D-A9C3-735318643FFD}.Release|Any CPU.Build.0 = Release|Any CPU
	EndGlobalSection
	GlobalSection(SolutionProperties) = preSolution
		HideSolutionNode = FALSE
	EndGlobalSection
	GlobalSection(ExtensibilityGlobals) = postSolution
		SolutionGuid = {BDDA91F7-CE04-4CF5-8662-269A7599EE88}
	EndGlobalSection
EndGlobal
